<?xml version="1.0" encoding="utf-8"?>
<Project ToolsVersion="4.0" xmlns="http://schemas.microsoft.com/developer/msbuild/2003">
  <ItemGroup>
    <Filter Include="Source Files">
      <UniqueIdentifier>{4FC737F1-C7A5-4376-A066-2A32D752A2FF}</UniqueIdentifier>
      <Extensions>cpp;c;cc;cxx;def;odl;idl;hpj;bat;asm;asmx</Extensions>
    </Filter>
    <Filter Include="Header Files">
      <UniqueIdentifier>{93995380-89BD-4b04-88EB-625FBE52EBFB}</UniqueIdentifier>
      <Extensions>h;hh;hpp;hxx;hm;inl;inc;xsd</Extensions>
    </Filter>
    <Filter Include="Resource Files">
      <UniqueIdentifier>{D9D6E242-F8AF-46E4-B9FD-80ECBC20BA3E}</UniqueIdentifier>
      <Extensions>qrc;*</Extensions>
      <ParseFiles>false</ParseFiles>
    </Filter>
    <Filter Include="Form Files">
      <UniqueIdentifier>{99349809-55BA-4b9d-BF79-8FDBB0286EB3}</UniqueIdentifier>
      <Extensions>ui</Extensions>
    </Filter>
    <Filter Include="Resource Files">
      <UniqueIdentifier>{D9D6E242-F8AF-46E4-B9FD-80ECBC20BA3E}</UniqueIdentifier>
      <Extensions>qrc;*</Extensions>
      <ParseFiles>false</ParseFiles>
    </Filter>
  </ItemGroup>
  <ItemGroup>
    <ClCompile Include="main.cpp">
      <Filter>Source Files</Filter>
    </ClCompile>
    <ClCompile Include="MainWindow.cpp">
      <Filter>Source Files</Filter>
    </ClCompile>
    <ClCompile Include="EditView.cpp">
      <Filter>Source Files</Filter>
    </ClCompile>
    <ClCompile Include="globalSettings.cpp">
      <Filter>Source Files</Filter>
    </ClCompile>
    <ClCompile Include="typeSettings.cpp">
      <Filter>Source Files</Filter>
    </ClCompile>
    <ClCompile Include="..\buffer\Buffer.cpp">
      <Filter>Source Files</Filter>
    </ClCompile>
    <ClCompile Include="..\buffer\BufferTokenizer.cpp">
      <Filter>Source Files</Filter>
    </ClCompile>
    <ClCompile Include="..\buffer\bufferUtl.cpp">
      <Filter>Source Files</Filter>
    </ClCompile>
    <ClCompile Include="..\buffer\MarkMgr.cpp">
      <Filter>Source Files</Filter>
    </ClCompile>
    <ClCompile Include="..\buffer\sssearch.cpp">
      <Filter>Source Files</Filter>
    </ClCompile>
    <ClCompile Include="..\buffer\undoMgr.cpp">
      <Filter>Source Files</Filter>
    </ClCompile>
    <ClCompile Include="..\buffer\UTF16.cpp">
      <Filter>Source Files</Filter>
    </ClCompile>
    <ClCompile Include="ViewTokenizer.cpp">
      <Filter>Source Files</Filter>
    </ClCompile>
    <ClCompile Include="settingsMgr.cpp">
      <Filter>Source Files</Filter>
    </ClCompile>
    <ClCompile Include="TypeStgDlg.cpp">
      <Filter>Source Files</Filter>
    </ClCompile>
    <ClCompile Include="NamedColorDlg.cpp">
      <Filter>Source Files</Filter>
    </ClCompile>
    <ClCompile Include="charEncoding.cpp">
      <Filter>Source Files</Filter>
    </ClCompile>
    <ClCompile Include="Document.cpp">
      <Filter>Source Files</Filter>
    </ClCompile>
    <ClCompile Include="FindLineEdit.cpp">
      <Filter>Source Files</Filter>
    </ClCompile>
    <ClCompile Include="CTabBar.cpp">
      <Filter>Source Files</Filter>
    </ClCompile>
    <ClCompile Include="CTabWidget.cpp">
      <Filter>Source Files</Filter>
    </ClCompile>
    <ClCompile Include="TextCursor.cpp">
      <Filter>Source Files</Filter>
    </ClCompile>
    <ClCompile Include="viewLineMgr.cpp">
      <Filter>Source Files</Filter>
    </ClCompile>
    <ClCompile Include="autoIndent.cpp">
      <Filter>Source Files</Filter>
    </ClCompile>
    <ClCompile Include="tokenizer.cpp">
      <Filter>Source Files</Filter>
    </ClCompile>
    <ClCompile Include="assocParen.cpp">
      <Filter>Source Files</Filter>
    </ClCompile>
    <ClCompile Include="viEditView.cpp">
      <Filter>Source Files</Filter>
    </ClCompile>
    <ClCompile Include="ViEngine.cpp">
      <Filter>Source Files</Filter>
    </ClCompile>
    <ClCompile Include="ex.cpp">
      <Filter>Source Files</Filter>
    </ClCompile>
    <ClCompile Include="CommandLine.cpp">
      <Filter>Source Files</Filter>
    </ClCompile>
    <ClCompile Include="AutoCompletionDlg.cpp">
      <Filter>Source Files</Filter>
    </ClCompile>
    <ClCompile Include="TestViCommands.cpp">
      <Filter>Source Files</Filter>
    </ClCompile>
    <ClCompile Include="OutlineBar.cpp">
      <Filter>Source Files</Filter>
    </ClCompile>
    <ClCompile Include="completion.cpp">
      <Filter>Source Files</Filter>
    </ClCompile>
    <ClCompile Include="CompletionWidget.cpp">
      <Filter>Source Files</Filter>
    </ClCompile>
    <ClCompile Include="zenCoding.cpp">
      <Filter>Source Files</Filter>
    </ClCompile>
    <ClCompile Include="GlobalStgDlg.cpp">
      <Filter>Source Files</Filter>
    </ClCompile>
  </ItemGroup>
  <ItemGroup>
    <QtMoc Include="MainWindow.h">
      <Filter>Header Files</Filter>
    </QtMoc>
    <QtMoc Include="EditView.h">
      <Filter>Header Files</Filter>
    </QtMoc>
    <QtMoc Include="..\buffer\Buffer.h">
      <Filter>Header Files</Filter>
    </QtMoc>
    <QtMoc Include="TypeStgDlg.h">
      <Filter>Header Files</Filter>
    </QtMoc>
    <QtMoc Include="NamedColorDlg.h">
      <Filter>Header Files</Filter>
    </QtMoc>
    <QtMoc Include="Document.h">
      <Filter>Header Files</Filter>
    </QtMoc>
    <QtMoc Include="FindLineEdit.h">
      <Filter>Header Files</Filter>
    </QtMoc>
    <QtMoc Include="viewLineMgr.h">
      <Filter>Header Files</Filter>
    </QtMoc>
    <QtMoc Include="ViEngine.h">
      <Filter>Header Files</Filter>
    </QtMoc>
    <QtMoc Include="CommandLine.h">
      <Filter>Header Files</Filter>
    </QtMoc>
    <QtMoc Include="AutoCompletionDlg.h">
      <Filter>Header Files</Filter>
    </QtMoc>
    <QtMoc Include="TestViCommands.h">
      <Filter>Header Files</Filter>
    </QtMoc>
    <QtMoc Include="OutlineBar.h">
      <Filter>Header Files</Filter>
    </QtMoc>
    <QtMoc Include="CompletionWidget.h">
      <Filter>Header Files</Filter>
    </QtMoc>
    <QtMoc Include="GlobalStgDlg.h">
      <Filter>Header Files</Filter>
    </QtMoc>
  </ItemGroup>
  <ItemGroup>
    <QtUic Include="MainWindow.ui">
      <Filter>Form Files</Filter>
    </QtUic>
    <QtUic Include="TypeStgDlg.ui">
      <Filter>Form Files</Filter>
    </QtUic>
    <QtUic Include="GlobalStgDlg.ui">
      <Filter>Form Files</Filter>
    </QtUic>
  </ItemGroup>
  <ItemGroup>
    <QtRcc Include="MainWindow.qrc">
      <Filter>Resource Files</Filter>
    </QtRcc>
  </ItemGroup>
  <ItemGroup>
    <ClInclude Include="version.h">
      <Filter>Header Files</Filter>
    </ClInclude>
    <ClInclude Include="globalSettings.h">
      <Filter>Header Files</Filter>
    </ClInclude>
    <ClInclude Include="typeSettings.h">
      <Filter>Header Files</Filter>
    </ClInclude>
    <ClInclude Include="..\buffer\BufferTokenizer.h">
      <Filter>Header Files</Filter>
    </ClInclude>
    <ClInclude Include="..\buffer\bufferUtl.h">
      <Filter>Header Files</Filter>
    </ClInclude>
    <ClInclude Include="..\buffer\gap_buffer.h">
      <Filter>Header Files</Filter>
    </ClInclude>
    <ClInclude Include="..\buffer\gap_deque.h">
      <Filter>Header Files</Filter>
    </ClInclude>
    <ClInclude Include="..\buffer\LineMgr.h">
      <Filter>Header Files</Filter>
    </ClInclude>
    <ClInclude Include="..\buffer\markItem.h">
      <Filter>Header Files</Filter>
    </ClInclude>
    <ClInclude Include="..\buffer\MarkMgr.h">
      <Filter>Header Files</Filter>
    </ClInclude>
    <ClInclude Include="..\buffer\sssearch.h">
      <Filter>Header Files</Filter>
    </ClInclude>
    <ClInclude Include="..\buffer\undoMgr.h">
      <Filter>Header Files</Filter>
    </ClInclude>
    <ClInclude Include="..\buffer\UTF16.h">
      <Filter>Header Files</Filter>
    </ClInclude>
    <ClInclude Include="ViewTokenizer.h">
      <Filter>Header Files</Filter>
    </ClInclude>
    <ClInclude Include="settingsMgr.h">
      <Filter>Header Files</Filter>
    </ClInclude>
    <ClInclude Include="charEncoding.h">
      <Filter>Header Files</Filter>
    </ClInclude>
    <ClInclude Include="CTabBar.h">
      <Filter>Header Files</Filter>
    </ClInclude>
    <ClInclude Include="CTabWidget.h">
      <Filter>Header Files</Filter>
    </ClInclude>
    <ClInclude Include="TextCursor.h">
      <Filter>Header Files</Filter>
    </ClInclude>
    <ClInclude Include="resource.h">
      <Filter>Header Files</Filter>
    </ClInclude>
    <ClInclude Include="tokenizer.h">
      <Filter>Header Files</Filter>
    </ClInclude>
    <ClInclude Include="assocParen.h">
      <Filter>Header Files</Filter>
    </ClInclude>
    <ClInclude Include="zenCoding.h">
      <Filter>Header Files</Filter>
    </ClInclude>
  </ItemGroup>
  <ItemGroup>
    <ResourceCompile Include="vivi64.rc" />
  </ItemGroup>
  <ItemGroup>
    <Image Include="icon1.ico" />
  </ItemGroup>
  <ItemGroup>
    <None Include=".editorconfig" />
  </ItemGroup>
</Project>